
Microsoft Visual Studio Solution File, Format Version 12.00
# Visual Studio Version 17
VisualStudioVersion = 17.7.34031.279
MinimumVisualStudioVersion = 10.0.40219.1
Project("{9A19103F-16F7-4668-BE54-9A1E7A4F7556}") = "HwndExplorer", "HwndExplorer\HwndExplorer.csproj", "{65187324-91B3-499B-9240-A8F613B281A8}"
EndProject
Global
	GlobalSection(SolutionConfigurationPlatforms) = preSolution
		Debug|Any CPU = Debug|Any CPU
		Release|Any CPU = Release|Any CPU
	EndGlobalSection
	GlobalSection(ProjectConfigurationPlatforms) = postSolution
		{65187324-91B3-499B-9240-A8F613B281A8}.Debug|Any CPU.ActiveCfg = Debug|Any CPU
		{65187324-91B3-499B-9240-A8F613B281A8}.Debug|Any CPU.Build.0 = Debug|Any CPU
		{65187324-91B3-499B-9240-A8F613B281A8}.Release|Any CPU.ActiveCfg = Release|Any CPU
		{65187324-91B3-499B-9240-A8F613B281A8}.Release|Any CPU.Build.0 = Release|Any CPU
	EndGlobalSection
	GlobalSection(SolutionProperties) = preSolution
		HideSolutionNode = FALSE
	EndGlobalSection
	GlobalSection(ExtensibilityGlobals) = postSolution
		SolutionGuid = {91890640-C0D9-44DC-87E2-46584FBB25B7}
	EndGlobalSection
EndGlobal
